
Microsoft Visual Studio Solution File, Format Version 12.00
# Visual Studio Version 16
VisualStudioVersion = 16.0.31624.102
MinimumVisualStudioVersion = 10.0.40219.1
Project("{FAE04EC0-301F-11D3-BF4B-00C04F79EFBC}") = "Pdf2Image", "Pdf2Image\Pdf2Image.csproj", "{A3C974B3-7D64-4CF1-AB1E-3F13540EED80}"
EndProject
Global
	GlobalSection(SolutionConfigurationPlatforms) = preSolution
		Debug|Any CPU = Debug|Any CPU
		Release|Any CPU = Release|Any CPU
	EndGlobalSection
	GlobalSection(ProjectConfigurationPlatforms) = postSolution
		{A3C974B3-7D64-4CF1-AB1E-3F13540EED80}.Debug|Any CPU.ActiveCfg = Debug|Any CPU
		{A3C974B3-7D64-4CF1-AB1E-3F13540EED80}.Debug|Any CPU.Build.0 = Debug|Any CPU
		{A3C974B3-7D64-4CF1-AB1E-3F13540EED80}.Release|Any CPU.ActiveCfg = Release|Any CPU
		{A3C974B3-7D64-4CF1-AB1E-3F13540EED80}.Release|Any CPU.Build.0 = Release|Any CPU
	EndGlobalSection
	GlobalSection(SolutionProperties) = preSolution
		HideSolutionNode = FALSE
	EndGlobalSection
	GlobalSection(ExtensibilityGlobals) = postSolution
		SolutionGuid = {B87BAE27-8319-462B-97D9-4D1E3D870F15}
	EndGlobalSection
EndGlobal
